// !$*UTF8*$!
{
	archiveVersion = 1;
	classes = {
	};
	objectVersion = 46;
	objects = {

/* Begin PBXBuildFile section */
		8C987111ED966FF911EAC974 /* libPods-Play-with-Algorithms-OC.a in Frameworks */ = {isa = PBXBuildFile; fileRef = D4252690B44A4E87FF1C8D91 /* libPods-Play-with-Algorithms-OC.a */; };
		AA4AE2381F1607D00099A7F2 /* CWSortNumberView.m in Sources */ = {isa = PBXBuildFile; fileRef = AA4AE2371F1607D00099A7F2 /* CWSortNumberView.m */; };
		AA4AE2451F173E400099A7F2 /* CWSortModel.m in Sources */ = {isa = PBXBuildFile; fileRef = AA4AE2441F173E400099A7F2 /* CWSortModel.m */; };
		AA4AE24E1F174BA90099A7F2 /* CWSortAnimationViewController.m in Sources */ = {isa = PBXBuildFile; fileRef = AA4AE24D1F174BA90099A7F2 /* CWSortAnimationViewController.m */; };
		AA4AE2531F18A2C80099A7F2 /* CWMazeSearchViewController.m in Sources */ = {isa = PBXBuildFile; fileRef = AA4AE2521F18A2C80099A7F2 /* CWMazeSearchViewController.m */; };
		AA4AE2561F18A2F70099A7F2 /* CWGraphBasicsViewController.m in Sources */ = {isa = PBXBuildFile; fileRef = AA4AE2551F18A2F70099A7F2 /* CWGraphBasicsViewController.m */; };
		AA98EF661F1461C500582960 /* main.m in Sources */ = {isa = PBXBuildFile; fileRef = AA98EF651F1461C500582960 /* main.m */; };
		AA98EF691F1461C500582960 /* AppDelegate.m in Sources */ = {isa = PBXBuildFile; fileRef = AA98EF681F1461C500582960 /* AppDelegate.m */; };
		AA98EF6C1F1461C500582960 /* ViewController.m in Sources */ = {isa = PBXBuildFile; fileRef = AA98EF6B1F1461C500582960 /* ViewController.m */; };
		AA98EF6F1F1461C500582960 /* Main.storyboard in Resources */ = {isa = PBXBuildFile; fileRef = AA98EF6D1F1461C500582960 /* Main.storyboard */; };
		AA98EF711F1461C500582960 /* Assets.xcassets in Resources */ = {isa = PBXBuildFile; fileRef = AA98EF701F1461C500582960 /* Assets.xcassets */; };
		AA98EF741F1461C500582960 /* LaunchScreen.storyboard in Resources */ = {isa = PBXBuildFile; fileRef = AA98EF721F1461C500582960 /* LaunchScreen.storyboard */; };
		AA98EF7F1F1461C600582960 /* Play_with_Algorithms_OCTests.m in Sources */ = {isa = PBXBuildFile; fileRef = AA98EF7E1F1461C600582960 /* Play_with_Algorithms_OCTests.m */; };
		AA98EF8D1F1477B800582960 /* SelectionSort.m in Sources */ = {isa = PBXBuildFile; fileRef = AA98EF8C1F1477B800582960 /* SelectionSort.m */; };
		AA98EF901F14796500582960 /* SortViewController.m in Sources */ = {isa = PBXBuildFile; fileRef = AA98EF8F1F14796500582960 /* SortViewController.m */; };
		AA98EF941F147AAE00582960 /* SortTestHelper.m in Sources */ = {isa = PBXBuildFile; fileRef = AA98EF931F147AAE00582960 /* SortTestHelper.m */; };
		AA98EF9A1F149C6000582960 /* SortCompareViewController.m in Sources */ = {isa = PBXBuildFile; fileRef = AA98EF991F149C6000582960 /* SortCompareViewController.m */; };
/* End PBXBuildFile section */

/* Begin PBXContainerItemProxy section */
		AA98EF7B1F1461C600582960 /* PBXContainerItemProxy */ = {
			isa = PBXContainerItemProxy;
			containerPortal = AA98EF591F1461C500582960 /* Project object */;
			proxyType = 1;
			remoteGlobalIDString = AA98EF601F1461C500582960;
			remoteInfo = "Play-with-Algorithms-OC";
		};
/* End PBXContainerItemProxy section */

/* Begin PBXFileReference section */
		084016CF5B4F8FFCC7910CE1 /* Pods-Play-with-Algorithms-OC.debug.xcconfig */ = {isa = PBXFileReference; includeInIndex = 1; lastKnownFileType = text.xcconfig; name = "Pods-Play-with-Algorithms-OC.debug.xcconfig"; path = "Pods/Target Support Files/Pods-Play-with-Algorithms-OC/Pods-Play-with-Algorithms-OC.debug.xcconfig"; sourceTree = "<group>"; };
		AA4AE22C1F15B2D70099A7F2 /* PrefixHeader.pch */ = {isa = PBXFileReference; lastKnownFileType = sourcecode.c.h; path = PrefixHeader.pch; sourceTree = "<group>"; };
		AA4AE2361F1607D00099A7F2 /* CWSortNumberView.h */ = {isa = PBXFileReference; fileEncoding = 4; lastKnownFileType = sourcecode.c.h; path = CWSortNumberView.h; sourceTree = "<group>"; };
		AA4AE2371F1607D00099A7F2 /* CWSortNumberView.m */ = {isa = PBXFileReference; fileEncoding = 4; lastKnownFileType = sourcecode.c.objc; path = CWSortNumberView.m; sourceTree = "<group>"; };
		AA4AE2431F173E400099A7F2 /* CWSortModel.h */ = {isa = PBXFileReference; fileEncoding = 4; lastKnownFileType = sourcecode.c.h; path = CWSortModel.h; sourceTree = "<group>"; };
		AA4AE2441F173E400099A7F2 /* CWSortModel.m */ = {isa = PBXFileReference; fileEncoding = 4; lastKnownFileType = sourcecode.c.objc; path = CWSortModel.m; sourceTree = "<group>"; };
		AA4AE24C1F174BA90099A7F2 /* CWSortAnimationViewController.h */ = {isa = PBXFileReference; fileEncoding = 4; lastKnownFileType = sourcecode.c.h; path = CWSortAnimationViewController.h; sourceTree = "<group>"; };
		AA4AE24D1F174BA90099A7F2 /* CWSortAnimationViewController.m */ = {isa = PBXFileReference; fileEncoding = 4; lastKnownFileType = sourcecode.c.objc; path = CWSortAnimationViewController.m; sourceTree = "<group>"; };
		AA4AE2511F18A2C80099A7F2 /* CWMazeSearchViewController.h */ = {isa = PBXFileReference; fileEncoding = 4; lastKnownFileType = sourcecode.c.h; path = CWMazeSearchViewController.h; sourceTree = "<group>"; };
		AA4AE2521F18A2C80099A7F2 /* CWMazeSearchViewController.m */ = {isa = PBXFileReference; fileEncoding = 4; lastKnownFileType = sourcecode.c.objc; path = CWMazeSearchViewController.m; sourceTree = "<group>"; };
		AA4AE2541F18A2F70099A7F2 /* CWGraphBasicsViewController.h */ = {isa = PBXFileReference; fileEncoding = 4; lastKnownFileType = sourcecode.c.h; path = CWGraphBasicsViewController.h; sourceTree = "<group>"; };
		AA4AE2551F18A2F70099A7F2 /* CWGraphBasicsViewController.m */ = {isa = PBXFileReference; fileEncoding = 4; lastKnownFileType = sourcecode.c.objc; path = CWGraphBasicsViewController.m; sourceTree = "<group>"; };
		AA98EF611F1461C500582960 /* Play-with-Algorithms-OC.app */ = {isa = PBXFileReference; explicitFileType = wrapper.application; includeInIndex = 0; path = "Play-with-Algorithms-OC.app"; sourceTree = BUILT_PRODUCTS_DIR; };
		AA98EF651F1461C500582960 /* main.m */ = {isa = PBXFileReference; lastKnownFileType = sourcecode.c.objc; path = main.m; sourceTree = "<group>"; };
		AA98EF671F1461C500582960 /* AppDelegate.h */ = {isa = PBXFileReference; lastKnownFileType = sourcecode.c.h; path = AppDelegate.h; sourceTree = "<group>"; };
		AA98EF681F1461C500582960 /* AppDelegate.m */ = {isa = PBXFileReference; lastKnownFileType = sourcecode.c.objc; path = AppDelegate.m; sourceTree = "<group>"; };
		AA98EF6A1F1461C500582960 /* ViewController.h */ = {isa = PBXFileReference; lastKnownFileType = sourcecode.c.h; path = ViewController.h; sourceTree = "<group>"; };
		AA98EF6B1F1461C500582960 /* ViewController.m */ = {isa = PBXFileReference; lastKnownFileType = sourcecode.c.objc; path = ViewController.m; sourceTree = "<group>"; };
		AA98EF6E1F1461C500582960 /* Base */ = {isa = PBXFileReference; lastKnownFileType = file.storyboard; name = Base; path = Base.lproj/Main.storyboard; sourceTree = "<group>"; };
		AA98EF701F1461C500582960 /* Assets.xcassets */ = {isa = PBXFileReference; lastKnownFileType = folder.assetcatalog; path = Assets.xcassets; sourceTree = "<group>"; };
		AA98EF731F1461C500582960 /* Base */ = {isa = PBXFileReference; lastKnownFileType = file.storyboard; name = Base; path = Base.lproj/LaunchScreen.storyboard; sourceTree = "<group>"; };
		AA98EF751F1461C500582960 /* Info.plist */ = {isa = PBXFileReference; lastKnownFileType = text.plist.xml; path = Info.plist; sourceTree = "<group>"; };
		AA98EF7A1F1461C600582960 /* Play-with-Algorithms-OCTests.xctest */ = {isa = PBXFileReference; explicitFileType = wrapper.cfbundle; includeInIndex = 0; path = "Play-with-Algorithms-OCTests.xctest"; sourceTree = BUILT_PRODUCTS_DIR; };
		AA98EF7E1F1461C600582960 /* Play_with_Algorithms_OCTests.m */ = {isa = PBXFileReference; lastKnownFileType = sourcecode.c.objc; path = Play_with_Algorithms_OCTests.m; sourceTree = "<group>"; };
		AA98EF801F1461C600582960 /* Info.plist */ = {isa = PBXFileReference; lastKnownFileType = text.plist.xml; path = Info.plist; sourceTree = "<group>"; };
		AA98EF8B1F1477B800582960 /* SelectionSort.h */ = {isa = PBXFileReference; fileEncoding = 4; lastKnownFileType = sourcecode.c.h; name = SelectionSort.h; path = ../SelectionSort.h; sourceTree = "<group>"; };
		AA98EF8C1F1477B800582960 /* SelectionSort.m */ = {isa = PBXFileReference; fileEncoding = 4; lastKnownFileType = sourcecode.c.objc; name = SelectionSort.m; path = ../SelectionSort.m; sourceTree = "<group>"; };
		AA98EF8E1F14796500582960 /* SortViewController.h */ = {isa = PBXFileReference; fileEncoding = 4; lastKnownFileType = sourcecode.c.h; name = SortViewController.h; path = ../SortViewController.h; sourceTree = "<group>"; };
		AA98EF8F1F14796500582960 /* SortViewController.m */ = {isa = PBXFileReference; fileEncoding = 4; lastKnownFileType = sourcecode.c.objc; name = SortViewController.m; path = ../SortViewController.m; sourceTree = "<group>"; };
		AA98EF921F147AAE00582960 /* SortTestHelper.h */ = {isa = PBXFileReference; fileEncoding = 4; lastKnownFileType = sourcecode.c.h; path = SortTestHelper.h; sourceTree = "<group>"; };
		AA98EF931F147AAE00582960 /* SortTestHelper.m */ = {isa = PBXFileReference; fileEncoding = 4; lastKnownFileType = sourcecode.c.objc; path = SortTestHelper.m; sourceTree = "<group>"; };
		AA98EF981F149C6000582960 /* SortCompareViewController.h */ = {isa = PBXFileReference; fileEncoding = 4; lastKnownFileType = sourcecode.c.h; name = SortCompareViewController.h; path = ../SortCompareViewController.h; sourceTree = "<group>"; };
		AA98EF991F149C6000582960 /* SortCompareViewController.m */ = {isa = PBXFileReference; fileEncoding = 4; lastKnownFileType = sourcecode.c.objc; name = SortCompareViewController.m; path = ../SortCompareViewController.m; sourceTree = "<group>"; };
		D4252690B44A4E87FF1C8D91 /* libPods-Play-with-Algorithms-OC.a */ = {isa = PBXFileReference; explicitFileType = archive.ar; includeInIndex = 0; path = "libPods-Play-with-Algorithms-OC.a"; sourceTree = BUILT_PRODUCTS_DIR; };
		EEE08FB431566E78BD8C940F /* Pods-Play-with-Algorithms-OC.release.xcconfig */ = {isa = PBXFileReference; includeInIndex = 1; lastKnownFileType = text.xcconfig; name = "Pods-Play-with-Algorithms-OC.release.xcconfig"; path = "Pods/Target Support Files/Pods-Play-with-Algorithms-OC/Pods-Play-with-Algorithms-OC.release.xcconfig"; sourceTree = "<group>"; };
/* End PBXFileReference section */

/* Begin PBXFrameworksBuildPhase section */
		AA98EF5E1F1461C500582960 /* Frameworks */ = {
			isa = PBXFrameworksBuildPhase;
			buildActionMask = 2147483647;
			files = (
				8C987111ED966FF911EAC974 /* libPods-Play-with-Algorithms-OC.a in Frameworks */,
			);
			runOnlyForDeploymentPostprocessing = 0;
		};
		AA98EF771F1461C600582960 /* Frameworks */ = {
			isa = PBXFrameworksBuildPhase;
			buildActionMask = 2147483647;
			files = (
			);
			runOnlyForDeploymentPostprocessing = 0;
		};
/* End PBXFrameworksBuildPhase section */

/* Begin PBXGroup section */
		83F4738F1A9B752EA449C7B2 /* Frameworks */ = {
			isa = PBXGroup;
			children = (
				D4252690B44A4E87FF1C8D91 /* libPods-Play-with-Algorithms-OC.a */,
			);
			name = Frameworks;
			sourceTree = "<group>";
		};
		9077AA9C25CD34C7793E0EC9 /* Pods */ = {
			isa = PBXGroup;
			children = (
				084016CF5B4F8FFCC7910CE1 /* Pods-Play-with-Algorithms-OC.debug.xcconfig */,
				EEE08FB431566E78BD8C940F /* Pods-Play-with-Algorithms-OC.release.xcconfig */,
			);
			name = Pods;
			sourceTree = "<group>";
		};
		AA4AE2261F15B26D0099A7F2 /* Controller */ = {
			isa = PBXGroup;
			children = (
				AA98EF8E1F14796500582960 /* SortViewController.h */,
				AA98EF8F1F14796500582960 /* SortViewController.m */,
				AA98EF981F149C6000582960 /* SortCompareViewController.h */,
				AA98EF991F149C6000582960 /* SortCompareViewController.m */,
				AA4AE24C1F174BA90099A7F2 /* CWSortAnimationViewController.h */,
				AA4AE24D1F174BA90099A7F2 /* CWSortAnimationViewController.m */,
			);
			path = Controller;
			sourceTree = "<group>";
		};
		AA4AE2271F15B26D0099A7F2 /* Model */ = {
			isa = PBXGroup;
			children = (
				AA98EF8B1F1477B800582960 /* SelectionSort.h */,
				AA98EF8C1F1477B800582960 /* SelectionSort.m */,
				AA4AE2431F173E400099A7F2 /* CWSortModel.h */,
				AA4AE2441F173E400099A7F2 /* CWSortModel.m */,
			);
			path = Model;
			sourceTree = "<group>";
		};
		AA4AE2281F15B26D0099A7F2 /* View */ = {
			isa = PBXGroup;
			children = (
				AA4AE2361F1607D00099A7F2 /* CWSortNumberView.h */,
				AA4AE2371F1607D00099A7F2 /* CWSortNumberView.m */,
			);
			path = View;
			sourceTree = "<group>";
		};
		AA4AE24F1F18A28E0099A7F2 /* Graph-Basics */ = {
			isa = PBXGroup;
			children = (
				AA4AE2541F18A2F70099A7F2 /* CWGraphBasicsViewController.h */,
				AA4AE2551F18A2F70099A7F2 /* CWGraphBasicsViewController.m */,
				AA4AE2501F18A28E0099A7F2 /* MazeSearch */,
			);
			path = "Graph-Basics";
			sourceTree = "<group>";
		};
		AA4AE2501F18A28E0099A7F2 /* MazeSearch */ = {
			isa = PBXGroup;
			children = (
				AA4AE2511F18A2C80099A7F2 /* CWMazeSearchViewController.h */,
				AA4AE2521F18A2C80099A7F2 /* CWMazeSearchViewController.m */,
			);
			path = MazeSearch;
			sourceTree = "<group>";
		};
		AA98EF581F1461C500582960 = {
			isa = PBXGroup;
			children = (
				AA98EF631F1461C500582960 /* Play-with-Algorithms-OC */,
				AA98EF7D1F1461C600582960 /* Play-with-Algorithms-OCTests */,
				AA98EF621F1461C500582960 /* Products */,
				9077AA9C25CD34C7793E0EC9 /* Pods */,
				83F4738F1A9B752EA449C7B2 /* Frameworks */,
			);
			sourceTree = "<group>";
		};
		AA98EF621F1461C500582960 /* Products */ = {
			isa = PBXGroup;
			children = (
				AA98EF611F1461C500582960 /* Play-with-Algorithms-OC.app */,
				AA98EF7A1F1461C600582960 /* Play-with-Algorithms-OCTests.xctest */,
			);
			name = Products;
			sourceTree = "<group>";
		};
		AA98EF631F1461C500582960 /* Play-with-Algorithms-OC */ = {
			isa = PBXGroup;
			children = (
				AA98EF891F14778700582960 /* Class */,
				AA98EF641F1461C500582960 /* Supporting Files */,
			);
			path = "Play-with-Algorithms-OC";
			sourceTree = "<group>";
		};
		AA98EF641F1461C500582960 /* Supporting Files */ = {
			isa = PBXGroup;
			children = (
				AA98EF671F1461C500582960 /* AppDelegate.h */,
				AA98EF681F1461C500582960 /* AppDelegate.m */,
				AA98EF6A1F1461C500582960 /* ViewController.h */,
				AA98EF6B1F1461C500582960 /* ViewController.m */,
				AA98EF6D1F1461C500582960 /* Main.storyboard */,
				AA98EF701F1461C500582960 /* Assets.xcassets */,
				AA98EF721F1461C500582960 /* LaunchScreen.storyboard */,
				AA98EF751F1461C500582960 /* Info.plist */,
				AA98EF651F1461C500582960 /* main.m */,
				AA4AE22C1F15B2D70099A7F2 /* PrefixHeader.pch */,
			);
			name = "Supporting Files";
			sourceTree = "<group>";
		};
		AA98EF7D1F1461C600582960 /* Play-with-Algorithms-OCTests */ = {
			isa = PBXGroup;
			children = (
				AA98EF7E1F1461C600582960 /* Play_with_Algorithms_OCTests.m */,
				AA98EF801F1461C600582960 /* Info.plist */,
			);
			path = "Play-with-Algorithms-OCTests";
			sourceTree = "<group>";
		};
		AA98EF891F14778700582960 /* Class */ = {
			isa = PBXGroup;
			children = (
				AA4AE24F1F18A28E0099A7F2 /* Graph-Basics */,
				AA98EF911F147A7400582960 /* Tool */,
				AA98EF8A1F14778700582960 /* Sort */,
			);
			path = Class;
			sourceTree = "<group>";
		};
		AA98EF8A1F14778700582960 /* Sort */ = {
			isa = PBXGroup;
			children = (
				AA4AE2261F15B26D0099A7F2 /* Controller */,
				AA4AE2271F15B26D0099A7F2 /* Model */,
				AA4AE2281F15B26D0099A7F2 /* View */,
			);
			path = Sort;
			sourceTree = "<group>";
		};
		AA98EF911F147A7400582960 /* Tool */ = {
			isa = PBXGroup;
			children = (
				AA98EF921F147AAE00582960 /* SortTestHelper.h */,
				AA98EF931F147AAE00582960 /* SortTestHelper.m */,
			);
			path = Tool;
			sourceTree = "<group>";
		};
/* End PBXGroup section */

/* Begin PBXNativeTarget section */
		AA98EF601F1461C500582960 /* Play-with-Algorithms-OC */ = {
			isa = PBXNativeTarget;
			buildConfigurationList = AA98EF831F1461C600582960 /* Build configuration list for PBXNativeTarget "Play-with-Algorithms-OC" */;
			buildPhases = (
				468FA8E30513316B26D3F74A /* [CP] Check Pods Manifest.lock */,
				AA98EF5D1F1461C500582960 /* Sources */,
				AA98EF5E1F1461C500582960 /* Frameworks */,
				AA98EF5F1F1461C500582960 /* Resources */,
				983BE912E0E6C17948917DEA /* [CP] Embed Pods Frameworks */,
				98444D1FB830F8151A68A5FB /* [CP] Copy Pods Resources */,
			);
			buildRules = (
			);
			dependencies = (
			);
			name = "Play-with-Algorithms-OC";
			productName = "Play-with-Algorithms-OC";
			productReference = AA98EF611F1461C500582960 /* Play-with-Algorithms-OC.app */;
			productType = "com.apple.product-type.application";
		};
		AA98EF791F1461C600582960 /* Play-with-Algorithms-OCTests */ = {
			isa = PBXNativeTarget;
			buildConfigurationList = AA98EF861F1461C600582960 /* Build configuration list for PBXNativeTarget "Play-with-Algorithms-OCTests" */;
			buildPhases = (
				AA98EF761F1461C600582960 /* Sources */,
				AA98EF771F1461C600582960 /* Frameworks */,
				AA98EF781F1461C600582960 /* Resources */,
			);
			buildRules = (
			);
			dependencies = (
				AA98EF7C1F1461C600582960 /* PBXTargetDependency */,
			);
			name = "Play-with-Algorithms-OCTests";
			productName = "Play-with-Algorithms-OCTests";
			productReference = AA98EF7A1F1461C600582960 /* Play-with-Algorithms-OCTests.xctest */;
			productType = "com.apple.product-type.bundle.unit-test";
		};
/* End PBXNativeTarget section */

/* Begin PBXProject section */
		AA98EF591F1461C500582960 /* Project object */ = {
			isa = PBXProject;
			attributes = {
				CLASSPREFIX = CW;
				LastUpgradeCheck = 0830;
				ORGANIZATIONNAME = CoderWoo;
				TargetAttributes = {
					AA98EF601F1461C500582960 = {
						CreatedOnToolsVersion = 8.3.2;
						DevelopmentTeam = 7NHU5364QV;
						ProvisioningStyle = Automatic;
					};
					AA98EF791F1461C600582960 = {
						CreatedOnToolsVersion = 8.3.2;
						DevelopmentTeam = 7NHU5364QV;
						ProvisioningStyle = Automatic;
						TestTargetID = AA98EF601F1461C500582960;
					};
				};
			};
			buildConfigurationList = AA98EF5C1F1461C500582960 /* Build configuration list for PBXProject "Play-with-Algorithms-OC" */;
			compatibilityVersion = "Xcode 3.2";
			developmentRegion = English;
			hasScannedForEncodings = 0;
			knownRegions = (
				en,
				Base,
			);
			mainGroup = AA98EF581F1461C500582960;
			productRefGroup = AA98EF621F1461C500582960 /* Products */;
			projectDirPath = "";
			projectRoot = "";
			targets = (
				AA98EF601F1461C500582960 /* Play-with-Algorithms-OC */,
				AA98EF791F1461C600582960 /* Play-with-Algorithms-OCTests */,
			);
		};
/* End PBXProject section */

/* Begin PBXResourcesBuildPhase section */
		AA98EF5F1F1461C500582960 /* Resources */ = {
			isa = PBXResourcesBuildPhase;
			buildActionMask = 2147483647;
			files = (
				AA98EF741F1461C500582960 /* LaunchScreen.storyboard in Resources */,
				AA98EF711F1461C500582960 /* Assets.xcassets in Resources */,
				AA98EF6F1F1461C500582960 /* Main.storyboard in Resources */,
			);
			runOnlyForDeploymentPostprocessing = 0;
		};
		AA98EF781F1461C600582960 /* Resources */ = {
			isa = PBXResourcesBuildPhase;
			buildActionMask = 2147483647;
			files = (
			);
			runOnlyForDeploymentPostprocessing = 0;
		};
/* End PBXResourcesBuildPhase section */

/* Begin PBXShellScriptBuildPhase section */
		468FA8E30513316B26D3F74A /* [CP] Check Pods Manifest.lock */ = {
			isa = PBXShellScriptBuildPhase;
			buildActionMask = 2147483647;
			files = (
			);
			inputPaths = (
			);
			name = "[CP] Check Pods Manifest.lock";
			outputPaths = (
			);
			runOnlyForDeploymentPostprocessing = 0;
			shellPath = /bin/sh;
			shellScript = "diff \"${PODS_PODFILE_DIR_PATH}/Podfile.lock\" \"${PODS_ROOT}/Manifest.lock\" > /dev/null\nif [ $? != 0 ] ; then\n    # print error to STDERR\n    echo \"error: The sandbox is not in sync with the Podfile.lock. Run 'pod install' or update your CocoaPods installation.\" >&2\n    exit 1\nfi\n";
			showEnvVarsInLog = 0;
		};
		983BE912E0E6C17948917DEA /* [CP] Embed Pods Frameworks */ = {
			isa = PBXShellScriptBuildPhase;
			buildActionMask = 2147483647;
			files = (
			);
			inputPaths = (
			);
			name = "[CP] Embed Pods Frameworks";
			outputPaths = (
			);
			runOnlyForDeploymentPostprocessing = 0;
			shellPath = /bin/sh;
			shellScript = "\"${SRCROOT}/Pods/Target Support Files/Pods-Play-with-Algorithms-OC/Pods-Play-with-Algorithms-OC-frameworks.sh\"\n";
			showEnvVarsInLog = 0;
		};
		98444D1FB830F8151A68A5FB /* [CP] Copy Pods Resources */ = {
			isa = PBXShellScriptBuildPhase;
			buildActionMask = 2147483647;
			files = (
			);
			inputPaths = (
			);
			name = "[CP] Copy Pods Resources";
			outputPaths = (
			);
			runOnlyForDeploymentPostprocessing = 0;
			shellPath = /bin/sh;
			shellScript = "\"${SRCROOT}/Pods/Target Support Files/Pods-Play-with-Algorithms-OC/Pods-Play-with-Algorithms-OC-resources.sh\"\n";
			showEnvVarsInLog = 0;
		};
/* End PBXShellScriptBuildPhase section */

/* Begin PBXSourcesBuildPhase section */
		AA98EF5D1F1461C500582960 /* Sources */ = {
			isa = PBXSourcesBuildPhase;
			buildActionMask = 2147483647;
			files = (
				AA98EF8D1F1477B800582960 /* SelectionSort.m in Sources */,
				AA98EF6C1F1461C500582960 /* ViewController.m in Sources */,
				AA98EF901F14796500582960 /* SortViewController.m in Sources */,
				AA4AE2531F18A2C80099A7F2 /* CWMazeSearchViewController.m in Sources */,
				AA4AE2561F18A2F70099A7F2 /* CWGraphBasicsViewController.m in Sources */,
				AA4AE2451F173E400099A7F2 /* CWSortModel.m in Sources */,
				AA98EF9A1F149C6000582960 /* SortCompareViewController.m in Sources */,
				AA98EF941F147AAE00582960 /* SortTestHelper.m in Sources */,
				AA98EF691F1461C500582960 /* AppDelegate.m in Sources */,
				AA4AE24E1F174BA90099A7F2 /* CWSortAnimationViewController.m in Sources */,
				AA98EF661F1461C500582960 /* main.m in Sources */,
				AA4AE2381F1607D00099A7F2 /* CWSortNumberView.m in Sources */,
			);
			runOnlyForDeploymentPostprocessing = 0;
		};
		AA98EF761F1461C600582960 /* Sources */ = {
			isa = PBXSourcesBuildPhase;
			buildActionMask = 2147483647;
			files = (
				AA98EF7F1F1461C600582960 /* Play_with_Algorithms_OCTests.m in Sources */,
			);
			runOnlyForDeploymentPostprocessing = 0;
		};
/* End PBXSourcesBuildPhase section */

/* Begin PBXTargetDependency section */
		AA98EF7C1F1461C600582960 /* PBXTargetDependency */ = {
			isa = PBXTargetDependency;
			target = AA98EF601F1461C500582960 /* Play-with-Algorithms-OC */;
			targetProxy = AA98EF7B1F1461C600582960 /* PBXContainerItemProxy */;
		};
/* End PBXTargetDependency section */

/* Begin PBXVariantGroup section */
		AA98EF6D1F1461C500582960 /* Main.storyboard */ = {
			isa = PBXVariantGroup;
			children = (
				AA98EF6E1F1461C500582960 /* Base */,
			);
			name = Main.storyboard;
			sourceTree = "<group>";
		};
		AA98EF721F1461C500582960 /* LaunchScreen.storyboard */ = {
			isa = PBXVariantGroup;
			children = (
				AA98EF731F1461C500582960 /* Base */,
			);
			name = LaunchScreen.storyboard;
			sourceTree = "<group>";
		};
/* End PBXVariantGroup section */

/* Begin XCBuildConfiguration section */
		AA98EF811F1461C600582960 /* Debug */ = {
			isa = XCBuildConfiguration;
			buildSettings = {
				ALWAYS_SEARCH_USER_PATHS = NO;
				CLANG_ANALYZER_NONNULL = YES;
				CLANG_ANALYZER_NUMBER_OBJECT_CONVERSION = YES_AGGRESSIVE;
				CLANG_CXX_LANGUAGE_STANDARD = "gnu++0x";
				CLANG_CXX_LIBRARY = "libc++";
				CLANG_ENABLE_MODULES = YES;
				CLANG_ENABLE_OBJC_ARC = YES;
				CLANG_WARN_BOOL_CONVERSION = YES;
				CLANG_WARN_CONSTANT_CONVERSION = YES;
				CLANG_WARN_DIRECT_OBJC_ISA_USAGE = YES_ERROR;
				CLANG_WARN_DOCUMENTATION_COMMENTS = YES;
				CLANG_WARN_EMPTY_BODY = YES;
				CLANG_WARN_ENUM_CONVERSION = YES;
				CLANG_WARN_INFINITE_RECURSION = YES;
				CLANG_WARN_INT_CONVERSION = YES;
				CLANG_WARN_OBJC_ROOT_CLASS = YES_ERROR;
				CLANG_WARN_SUSPICIOUS_MOVE = YES;
				CLANG_WARN_UNREACHABLE_CODE = YES;
				CLANG_WARN__DUPLICATE_METHOD_MATCH = YES;
				"CODE_SIGN_IDENTITY[sdk=iphoneos*]" = "iPhone Developer";
				COPY_PHASE_STRIP = NO;
				DEBUG_INFORMATION_FORMAT = dwarf;
				ENABLE_STRICT_OBJC_MSGSEND = YES;
				ENABLE_TESTABILITY = YES;
				GCC_C_LANGUAGE_STANDARD = gnu99;
				GCC_DYNAMIC_NO_PIC = NO;
				GCC_NO_COMMON_BLOCKS = YES;
				GCC_OPTIMIZATION_LEVEL = 0;
				GCC_PREPROCESSOR_DEFINITIONS = (
					"DEBUG=1",
					"$(inherited)",
				);
				GCC_WARN_64_TO_32_BIT_CONVERSION = YES;
				GCC_WARN_ABOUT_RETURN_TYPE = YES_ERROR;
				GCC_WARN_UNDECLARED_SELECTOR = YES;
				GCC_WARN_UNINITIALIZED_AUTOS = YES_AGGRESSIVE;
				GCC_WARN_UNUSED_FUNCTION = YES;
				GCC_WARN_UNUSED_VARIABLE = YES;
				IPHONEOS_DEPLOYMENT_TARGET = 10.3;
				MTL_ENABLE_DEBUG_INFO = YES;
				ONLY_ACTIVE_ARCH = YES;
				SDKROOT = iphoneos;
			};
			name = Debug;
		};
		AA98EF821F1461C600582960 /* Release */ = {
			isa = XCBuildConfiguration;
			buildSettings = {
				ALWAYS_SEARCH_USER_PATHS = NO;
				CLANG_ANALYZER_NONNULL = YES;
				CLANG_ANALYZER_NUMBER_OBJECT_CONVERSION = YES_AGGRESSIVE;
				CLANG_CXX_LANGUAGE_STANDARD = "gnu++0x";
				CLANG_CXX_LIBRARY = "libc++";
				CLANG_ENABLE_MODULES = YES;
				CLANG_ENABLE_OBJC_ARC = YES;
				CLANG_WARN_BOOL_CONVERSION = YES;
				CLANG_WARN_CONSTANT_CONVERSION = YES;
				CLANG_WARN_DIRECT_OBJC_ISA_USAGE = YES_ERROR;
				CLANG_WARN_DOCUMENTATION_COMMENTS = YES;
				CLANG_WARN_EMPTY_BODY = YES;
				CLANG_WARN_ENUM_CONVERSION = YES;
				CLANG_WARN_INFINITE_RECURSION = YES;
				CLANG_WARN_INT_CONVERSION = YES;
				CLANG_WARN_OBJC_ROOT_CLASS = YES_ERROR;
				CLANG_WARN_SUSPICIOUS_MOVE = YES;
				CLANG_WARN_UNREACHABLE_CODE = YES;
				CLANG_WARN__DUPLICATE_METHOD_MATCH = YES;
				"CODE_SIGN_IDENTITY[sdk=iphoneos*]" = "iPhone Developer";
				COPY_PHASE_STRIP = NO;
				DEBUG_INFORMATION_FORMAT = "dwarf-with-dsym";
				ENABLE_NS_ASSERTIONS = NO;
				ENABLE_STRICT_OBJC_MSGSEND = YES;
				GCC_C_LANGUAGE_STANDARD = gnu99;
				GCC_NO_COMMON_BLOCKS = YES;
				GCC_WARN_64_TO_32_BIT_CONVERSION = YES;
				GCC_WARN_ABOUT_RETURN_TYPE = YES_ERROR;
				GCC_WARN_UNDECLARED_SELECTOR = YES;
				GCC_WARN_UNINITIALIZED_AUTOS = YES_AGGRESSIVE;
				GCC_WARN_UNUSED_FUNCTION = YES;
				GCC_WARN_UNUSED_VARIABLE = YES;
				IPHONEOS_DEPLOYMENT_TARGET = 10.3;
				MTL_ENABLE_DEBUG_INFO = NO;
				SDKROOT = iphoneos;
				VALIDATE_PRODUCT = YES;
			};
			name = Release;
		};
		AA98EF841F1461C600582960 /* Debug */ = {
			isa = XCBuildConfiguration;
			baseConfigurationReference = 084016CF5B4F8FFCC7910CE1 /* Pods-Play-with-Algorithms-OC.debug.xcconfig */;
			buildSettings = {
				ASSETCATALOG_COMPILER_APPICON_NAME = AppIcon;
				DEVELOPMENT_TEAM = 7NHU5364QV;
				GCC_PRECOMPILE_PREFIX_HEADER = YES;
				GCC_PREFIX_HEADER = "./Play-with-Algorithms-OC/PrefixHeader.pch";
				INFOPLIST_FILE = "Play-with-Algorithms-OC/Info.plist";
				LD_RUNPATH_SEARCH_PATHS = "$(inherited) @executable_path/Frameworks";
				PRODUCT_BUNDLE_IDENTIFIER = "CoderWoo.Play-with-Algorithms-OC";
				PRODUCT_NAME = "$(TARGET_NAME)";
			};
			name = Debug;
		};
		AA98EF851F1461C600582960 /* Release */ = {
			isa = XCBuildConfiguration;
			baseConfigurationReference = EEE08FB431566E78BD8C940F /* Pods-Play-with-Algorithms-OC.release.xcconfig */;
			buildSettings = {
				ASSETCATALOG_COMPILER_APPICON_NAME = AppIcon;
				DEVELOPMENT_TEAM = 7NHU5364QV;
				GCC_PRECOMPILE_PREFIX_HEADER = YES;
				GCC_PREFIX_HEADER = "./Play-with-Algorithms-OC/PrefixHeader.pch";
				INFOPLIST_FILE = "Play-with-Algorithms-OC/Info.plist";
				LD_RUNPATH_SEARCH_PATHS = "$(inherited) @executable_path/Frameworks";
				PRODUCT_BUNDLE_IDENTIFIER = "CoderWoo.Play-with-Algorithms-OC";
				PRODUCT_NAME = "$(TARGET_NAME)";
			};
			name = Release;
		};
		AA98EF871F1461C600582960 /* Debug */ = {
			isa = XCBuildConfiguration;
			buildSettings = {
				BUNDLE_LOADER = "$(TEST_HOST)";
				DEVELOPMENT_TEAM = 7NHU5364QV;
				INFOPLIST_FILE = "Play-with-Algorithms-OCTests/Info.plist";
				LD_RUNPATH_SEARCH_PATHS = "$(inherited) @executable_path/Frameworks @loader_path/Frameworks";
				PRODUCT_BUNDLE_IDENTIFIER = "CoderWoo.Play-with-Algorithms-OCTests";
				PRODUCT_NAME = "$(TARGET_NAME)";
				TEST_HOST = "$(BUILT_PRODUCTS_DIR)/Play-with-Algorithms-OC.app/Play-with-Algorithms-OC";
			};
			name = Debug;
		};
		AA98EF881F1461C600582960 /* Release */ = {
			isa = XCBuildConfiguration;
			buildSettings = {
				BUNDLE_LOADER = "$(TEST_HOST)";
				DEVELOPMENT_TEAM = 7NHU5364QV;
				INFOPLIST_FILE = "Play-with-Algorithms-OCTests/Info.plist";
				LD_RUNPATH_SEARCH_PATHS = "$(inherited) @executable_path/Frameworks @loader_path/Frameworks";
				PRODUCT_BUNDLE_IDENTIFIER = "CoderWoo.Play-with-Algorithms-OCTests";
				PRODUCT_NAME = "$(TARGET_NAME)";
				TEST_HOST = "$(BUILT_PRODUCTS_DIR)/Play-with-Algorithms-OC.app/Play-with-Algorithms-OC";
			};
			name = Release;
		};
/* End XCBuildConfiguration section */

/* Begin XCConfigurationList section */
		AA98EF5C1F1461C500582960 /* Build configuration list for PBXProject "Play-with-Algorithms-OC" */ = {
			isa = XCConfigurationList;
			buildConfigurations = (
				AA98EF811F1461C600582960 /* Debug */,
				AA98EF821F1461C600582960 /* Release */,
			);
			defaultConfigurationIsVisible = 0;
			defaultConfigurationName = Release;
		};
		AA98EF831F1461C600582960 /* Build configuration list for PBXNativeTarget "Play-with-Algorithms-OC" */ = {
			isa = XCConfigurationList;
			buildConfigurations = (
				AA98EF841F1461C600582960 /* Debug */,
				AA98EF851F1461C600582960 /* Release */,
			);
			defaultConfigurationIsVisible = 0;
			defaultConfigurationName = Release;
		};
		AA98EF861F1461C600582960 /* Build configuration list for PBXNativeTarget "Play-with-Algorithms-OCTests" */ = {
			isa = XCConfigurationList;
			buildConfigurations = (
				AA98EF871F1461C600582960 /* Debug */,
				AA98EF881F1461C600582960 /* Release */,
			);
			defaultConfigurationIsVisible = 0;
			defaultConfigurationName = Release;
		};
/* End XCConfigurationList section */
	};
	rootObject = AA98EF591F1461C500582960 /* Project object */;
}
